// !$*UTF8*$!
{
	archiveVersion = 1;
	classes = {
	};
	objectVersion = 46;
	objects = {

/* Begin PBXBuildFile section */
		7E0803591ADDBDB10003B226 /* AppDelegate.swift in Sources */ = {isa = PBXBuildFile; fileRef = 7E0803581ADDBDB10003B226 /* AppDelegate.swift */; };
		7E08035B1ADDBDB10003B226 /* ViewController.swift in Sources */ = {isa = PBXBuildFile; fileRef = 7E08035A1ADDBDB10003B226 /* ViewController.swift */; };
		7E08035E1ADDBDB10003B226 /* Main.storyboard in Resources */ = {isa = PBXBuildFile; fileRef = 7E08035C1ADDBDB10003B226 /* Main.storyboard */; };
		7E0803601ADDBDB10003B226 /* Images.xcassets in Resources */ = {isa = PBXBuildFile; fileRef = 7E08035F1ADDBDB10003B226 /* Images.xcassets */; };
		7E0803631ADDBDB10003B226 /* LaunchScreen.xib in Resources */ = {isa = PBXBuildFile; fileRef = 7E0803611ADDBDB10003B226 /* LaunchScreen.xib */; };
		7E08036F1ADDBDB50003B226 /* accelerometerTestTests.swift in Sources */ = {isa = PBXBuildFile; fileRef = 7E08036E1ADDBDB50003B226 /* accelerometerTestTests.swift */; };
		7E0803791ADDBE010003B226 /* Entitlements.plist in Resources */ = {isa = PBXBuildFile; fileRef = 7E0803781ADDBE010003B226 /* Entitlements.plist */; };
		7E08037B1ADDBEF90003B226 /* CoreMotion.framework in Frameworks */ = {isa = PBXBuildFile; fileRef = 7E08037A1ADDBEF90003B226 /* CoreMotion.framework */; };
		7E08037D1ADDFD7D0003B226 /* CoreLocation.framework in Frameworks */ = {isa = PBXBuildFile; fileRef = 7E08037C1ADDFD7D0003B226 /* CoreLocation.framework */; };
		7E0803891ADDFF750003B226 /* SocketAckHandler.swift in Sources */ = {isa = PBXBuildFile; fileRef = 7E08037F1ADDFF750003B226 /* SocketAckHandler.swift */; };
		7E08038A1ADDFF750003B226 /* SocketEngine.swift in Sources */ = {isa = PBXBuildFile; fileRef = 7E0803801ADDFF750003B226 /* SocketEngine.swift */; };
		7E08038B1ADDFF750003B226 /* SocketEngineClient.swift in Sources */ = {isa = PBXBuildFile; fileRef = 7E0803811ADDFF750003B226 /* SocketEngineClient.swift */; };
		7E08038C1ADDFF750003B226 /* SocketEvent.swift in Sources */ = {isa = PBXBuildFile; fileRef = 7E0803821ADDFF750003B226 /* SocketEvent.swift */; };
		7E08038D1ADDFF750003B226 /* SocketEventHandler.swift in Sources */ = {isa = PBXBuildFile; fileRef = 7E0803831ADDFF750003B226 /* SocketEventHandler.swift */; };
		7E08038E1ADDFF750003B226 /* SocketFixUTF8.swift in Sources */ = {isa = PBXBuildFile; fileRef = 7E0803841ADDFF750003B226 /* SocketFixUTF8.swift */; };
		7E08038F1ADDFF750003B226 /* SocketIOClient.swift in Sources */ = {isa = PBXBuildFile; fileRef = 7E0803851ADDFF750003B226 /* SocketIOClient.swift */; };
		7E0803901ADDFF750003B226 /* SocketParser.swift in Sources */ = {isa = PBXBuildFile; fileRef = 7E0803861ADDFF750003B226 /* SocketParser.swift */; };
		7E0803911ADDFF750003B226 /* SwiftRegex.swift in Sources */ = {isa = PBXBuildFile; fileRef = 7E0803871ADDFF750003B226 /* SwiftRegex.swift */; };
		7E0803921ADDFF750003B226 /* WebSocket.swift in Sources */ = {isa = PBXBuildFile; fileRef = 7E0803881ADDFF750003B226 /* WebSocket.swift */; };
/* End PBXBuildFile section */

/* Begin PBXContainerItemProxy section */
		7E0803691ADDBDB50003B226 /* PBXContainerItemProxy */ = {
			isa = PBXContainerItemProxy;
			containerPortal = 7E08034B1ADDBDB10003B226 /* Project object */;
			proxyType = 1;
			remoteGlobalIDString = 7E0803521ADDBDB10003B226;
			remoteInfo = accelerometerTest;
		};
/* End PBXContainerItemProxy section */

/* Begin PBXFileReference section */
		7E0803531ADDBDB10003B226 /* accelerometerTest.app */ = {isa = PBXFileReference; explicitFileType = wrapper.application; includeInIndex = 0; path = accelerometerTest.app; sourceTree = BUILT_PRODUCTS_DIR; };
		7E0803571ADDBDB10003B226 /* Info.plist */ = {isa = PBXFileReference; lastKnownFileType = text.plist.xml; path = Info.plist; sourceTree = "<group>"; };
		7E0803581ADDBDB10003B226 /* AppDelegate.swift */ = {isa = PBXFileReference; lastKnownFileType = sourcecode.swift; path = AppDelegate.swift; sourceTree = "<group>"; };
		7E08035A1ADDBDB10003B226 /* ViewController.swift */ = {isa = PBXFileReference; lastKnownFileType = sourcecode.swift; path = ViewController.swift; sourceTree = "<group>"; };
		7E08035D1ADDBDB10003B226 /* Base */ = {isa = PBXFileReference; lastKnownFileType = file.storyboard; name = Base; path = Base.lproj/Main.storyboard; sourceTree = "<group>"; };
		7E08035F1ADDBDB10003B226 /* Images.xcassets */ = {isa = PBXFileReference; lastKnownFileType = folder.assetcatalog; path = Images.xcassets; sourceTree = "<group>"; };
		7E0803621ADDBDB10003B226 /* Base */ = {isa = PBXFileReference; lastKnownFileType = file.xib; name = Base; path = Base.lproj/LaunchScreen.xib; sourceTree = "<group>"; };
		7E0803681ADDBDB50003B226 /* accelerometerTestTests.xctest */ = {isa = PBXFileReference; explicitFileType = wrapper.cfbundle; includeInIndex = 0; path = accelerometerTestTests.xctest; sourceTree = BUILT_PRODUCTS_DIR; };
		7E08036D1ADDBDB50003B226 /* Info.plist */ = {isa = PBXFileReference; lastKnownFileType = text.plist.xml; path = Info.plist; sourceTree = "<group>"; };
		7E08036E1ADDBDB50003B226 /* accelerometerTestTests.swift */ = {isa = PBXFileReference; lastKnownFileType = sourcecode.swift; path = accelerometerTestTests.swift; sourceTree = "<group>"; };
		7E0803781ADDBE010003B226 /* Entitlements.plist */ = {isa = PBXFileReference; fileEncoding = 4; lastKnownFileType = text.plist.xml; path = Entitlements.plist; sourceTree = "<group>"; };
		7E08037A1ADDBEF90003B226 /* CoreMotion.framework */ = {isa = PBXFileReference; lastKnownFileType = wrapper.framework; name = CoreMotion.framework; path = System/Library/Frameworks/CoreMotion.framework; sourceTree = SDKROOT; };
		7E08037C1ADDFD7D0003B226 /* CoreLocation.framework */ = {isa = PBXFileReference; lastKnownFileType = wrapper.framework; name = CoreLocation.framework; path = System/Library/Frameworks/CoreLocation.framework; sourceTree = SDKROOT; };
		7E08037F1ADDFF750003B226 /* SocketAckHandler.swift */ = {isa = PBXFileReference; fileEncoding = 4; lastKnownFileType = sourcecode.swift; path = SocketAckHandler.swift; sourceTree = "<group>"; };
		7E0803801ADDFF750003B226 /* SocketEngine.swift */ = {isa = PBXFileReference; fileEncoding = 4; lastKnownFileType = sourcecode.swift; path = SocketEngine.swift; sourceTree = "<group>"; };
		7E0803811ADDFF750003B226 /* SocketEngineClient.swift */ = {isa = PBXFileReference; fileEncoding = 4; lastKnownFileType = sourcecode.swift; path = SocketEngineClient.swift; sourceTree = "<group>"; };
		7E0803821ADDFF750003B226 /* SocketEvent.swift */ = {isa = PBXFileReference; fileEncoding = 4; lastKnownFileType = sourcecode.swift; path = SocketEvent.swift; sourceTree = "<group>"; };
		7E0803831ADDFF750003B226 /* SocketEventHandler.swift */ = {isa = PBXFileReference; fileEncoding = 4; lastKnownFileType = sourcecode.swift; path = SocketEventHandler.swift; sourceTree = "<group>"; };
		7E0803841ADDFF750003B226 /* SocketFixUTF8.swift */ = {isa = PBXFileReference; fileEncoding = 4; lastKnownFileType = sourcecode.swift; path = SocketFixUTF8.swift; sourceTree = "<group>"; };
		7E0803851ADDFF750003B226 /* SocketIOClient.swift */ = {isa = PBXFileReference; fileEncoding = 4; lastKnownFileType = sourcecode.swift; path = SocketIOClient.swift; sourceTree = "<group>"; };
		7E0803861ADDFF750003B226 /* SocketParser.swift */ = {isa = PBXFileReference; fileEncoding = 4; lastKnownFileType = sourcecode.swift; path = SocketParser.swift; sourceTree = "<group>"; };
		7E0803871ADDFF750003B226 /* SwiftRegex.swift */ = {isa = PBXFileReference; fileEncoding = 4; lastKnownFileType = sourcecode.swift; path = SwiftRegex.swift; sourceTree = "<group>"; };
		7E0803881ADDFF750003B226 /* WebSocket.swift */ = {isa = PBXFileReference; fileEncoding = 4; lastKnownFileType = sourcecode.swift; path = WebSocket.swift; sourceTree = "<group>"; };
/* End PBXFileReference section */

/* Begin PBXFrameworksBuildPhase section */
		7E0803501ADDBDB10003B226 /* Frameworks */ = {
			isa = PBXFrameworksBuildPhase;
			buildActionMask = 2147483647;
			files = (
				7E08037D1ADDFD7D0003B226 /* CoreLocation.framework in Frameworks */,
				7E08037B1ADDBEF90003B226 /* CoreMotion.framework in Frameworks */,
			);
			runOnlyForDeploymentPostprocessing = 0;
		};
		7E0803651ADDBDB50003B226 /* Frameworks */ = {
			isa = PBXFrameworksBuildPhase;
			buildActionMask = 2147483647;
			files = (
			);
			runOnlyForDeploymentPostprocessing = 0;
		};
/* End PBXFrameworksBuildPhase section */

/* Begin PBXGroup section */
		7E08034A1ADDBDB10003B226 = {
			isa = PBXGroup;
			children = (
				7E08037C1ADDFD7D0003B226 /* CoreLocation.framework */,
				7E08037A1ADDBEF90003B226 /* CoreMotion.framework */,
				7E0803781ADDBE010003B226 /* Entitlements.plist */,
				7E0803551ADDBDB10003B226 /* accelerometerTest */,
				7E08036B1ADDBDB50003B226 /* accelerometerTestTests */,
				7E0803541ADDBDB10003B226 /* Products */,
				7E08037E1ADDFF750003B226 /* SwiftIO */,
			);
			sourceTree = "<group>";
		};
		7E0803541ADDBDB10003B226 /* Products */ = {
			isa = PBXGroup;
			children = (
				7E0803531ADDBDB10003B226 /* accelerometerTest.app */,
				7E0803681ADDBDB50003B226 /* accelerometerTestTests.xctest */,
			);
			name = Products;
			sourceTree = "<group>";
		};
		7E0803551ADDBDB10003B226 /* accelerometerTest */ = {
			isa = PBXGroup;
			children = (
				7E0803581ADDBDB10003B226 /* AppDelegate.swift */,
				7E08035A1ADDBDB10003B226 /* ViewController.swift */,
				7E08035C1ADDBDB10003B226 /* Main.storyboard */,
				7E08035F1ADDBDB10003B226 /* Images.xcassets */,
				7E0803611ADDBDB10003B226 /* LaunchScreen.xib */,
				7E0803561ADDBDB10003B226 /* Supporting Files */,
			);
			path = accelerometerTest;
			sourceTree = "<group>";
		};
		7E0803561ADDBDB10003B226 /* Supporting Files */ = {
			isa = PBXGroup;
			children = (
				7E0803571ADDBDB10003B226 /* Info.plist */,
			);
			name = "Supporting Files";
			sourceTree = "<group>";
		};
		7E08036B1ADDBDB50003B226 /* accelerometerTestTests */ = {
			isa = PBXGroup;
			children = (
				7E08036E1ADDBDB50003B226 /* accelerometerTestTests.swift */,
				7E08036C1ADDBDB50003B226 /* Supporting Files */,
			);
			path = accelerometerTestTests;
			sourceTree = "<group>";
		};
		7E08036C1ADDBDB50003B226 /* Supporting Files */ = {
			isa = PBXGroup;
			children = (
				7E08036D1ADDBDB50003B226 /* Info.plist */,
			);
			name = "Supporting Files";
			sourceTree = "<group>";
		};
		7E08037E1ADDFF750003B226 /* SwiftIO */ = {
			isa = PBXGroup;
			children = (
				7E08037F1ADDFF750003B226 /* SocketAckHandler.swift */,
				7E0803801ADDFF750003B226 /* SocketEngine.swift */,
				7E0803811ADDFF750003B226 /* SocketEngineClient.swift */,
				7E0803821ADDFF750003B226 /* SocketEvent.swift */,
				7E0803831ADDFF750003B226 /* SocketEventHandler.swift */,
				7E0803841ADDFF750003B226 /* SocketFixUTF8.swift */,
				7E0803851ADDFF750003B226 /* SocketIOClient.swift */,
				7E0803861ADDFF750003B226 /* SocketParser.swift */,
				7E0803871ADDFF750003B226 /* SwiftRegex.swift */,
				7E0803881ADDFF750003B226 /* WebSocket.swift */,
			);
			path = SwiftIO;
			sourceTree = "<group>";
		};
/* End PBXGroup section */

/* Begin PBXNativeTarget section */
		7E0803521ADDBDB10003B226 /* accelerometerTest */ = {
			isa = PBXNativeTarget;
			buildConfigurationList = 7E0803721ADDBDB50003B226 /* Build configuration list for PBXNativeTarget "accelerometerTest" */;
			buildPhases = (
				7E08034F1ADDBDB10003B226 /* Sources */,
				7E0803501ADDBDB10003B226 /* Frameworks */,
				7E0803511ADDBDB10003B226 /* Resources */,
			);
			buildRules = (
			);
			dependencies = (
			);
			name = accelerometerTest;
			productName = accelerometerTest;
			productReference = 7E0803531ADDBDB10003B226 /* accelerometerTest.app */;
			productType = "com.apple.product-type.application";
		};
		7E0803671ADDBDB50003B226 /* accelerometerTestTests */ = {
			isa = PBXNativeTarget;
			buildConfigurationList = 7E0803751ADDBDB50003B226 /* Build configuration list for PBXNativeTarget "accelerometerTestTests" */;
			buildPhases = (
				7E0803641ADDBDB50003B226 /* Sources */,
				7E0803651ADDBDB50003B226 /* Frameworks */,
				7E0803661ADDBDB50003B226 /* Resources */,
			);
			buildRules = (
			);
			dependencies = (
				7E08036A1ADDBDB50003B226 /* PBXTargetDependency */,
			);
			name = accelerometerTestTests;
			productName = accelerometerTestTests;
			productReference = 7E0803681ADDBDB50003B226 /* accelerometerTestTests.xctest */;
			productType = "com.apple.product-type.bundle.unit-test";
		};
/* End PBXNativeTarget section */

/* Begin PBXProject section */
		7E08034B1ADDBDB10003B226 /* Project object */ = {
			isa = PBXProject;
			attributes = {
				LastUpgradeCheck = 0620;
				ORGANIZATIONNAME = "Rishi Masand";
				TargetAttributes = {
					7E0803521ADDBDB10003B226 = {
						CreatedOnToolsVersion = 6.2;
						SystemCapabilities = {
							com.apple.BackgroundModes = {
								enabled = 1;
							};
						};
					};
					7E0803671ADDBDB50003B226 = {
						CreatedOnToolsVersion = 6.2;
						TestTargetID = 7E0803521ADDBDB10003B226;
					};
				};
			};
			buildConfigurationList = 7E08034E1ADDBDB10003B226 /* Build configuration list for PBXProject "accelerometerTest" */;
			compatibilityVersion = "Xcode 3.2";
			developmentRegion = English;
			hasScannedForEncodings = 0;
			knownRegions = (
				en,
				Base,
			);
			mainGroup = 7E08034A1ADDBDB10003B226;
			productRefGroup = 7E0803541ADDBDB10003B226 /* Products */;
			projectDirPath = "";
			projectRoot = "";
			targets = (
				7E0803521ADDBDB10003B226 /* accelerometerTest */,
				7E0803671ADDBDB50003B226 /* accelerometerTestTests */,
			);
		};
/* End PBXProject section */

/* Begin PBXResourcesBuildPhase section */
		7E0803511ADDBDB10003B226 /* Resources */ = {
			isa = PBXResourcesBuildPhase;
			buildActionMask = 2147483647;
			files = (
				7E0803791ADDBE010003B226 /* Entitlements.plist in Resources */,
				7E08035E1ADDBDB10003B226 /* Main.storyboard in Resources */,
				7E0803631ADDBDB10003B226 /* LaunchScreen.xib in Resources */,
				7E0803601ADDBDB10003B226 /* Images.xcassets in Resources */,
			);
			runOnlyForDeploymentPostprocessing = 0;
		};
		7E0803661ADDBDB50003B226 /* Resources */ = {
			isa = PBXResourcesBuildPhase;
			buildActionMask = 2147483647;
			files = (
			);
			runOnlyForDeploymentPostprocessing = 0;
		};
/* End PBXResourcesBuildPhase section */

/* Begin PBXSourcesBuildPhase section */
		7E08034F1ADDBDB10003B226 /* Sources */ = {
			isa = PBXSourcesBuildPhase;
			buildActionMask = 2147483647;
			files = (
				7E08038F1ADDFF750003B226 /* SocketIOClient.swift in Sources */,
				7E0803921ADDFF750003B226 /* WebSocket.swift in Sources */,
				7E0803901ADDFF750003B226 /* SocketParser.swift in Sources */,
				7E08038A1ADDFF750003B226 /* SocketEngine.swift in Sources */,
				7E08038C1ADDFF750003B226 /* SocketEvent.swift in Sources */,
				7E08035B1ADDBDB10003B226 /* ViewController.swift in Sources */,
				7E0803911ADDFF750003B226 /* SwiftRegex.swift in Sources */,
				7E0803891ADDFF750003B226 /* SocketAckHandler.swift in Sources */,
				7E08038D1ADDFF750003B226 /* SocketEventHandler.swift in Sources */,
				7E08038E1ADDFF750003B226 /* SocketFixUTF8.swift in Sources */,
				7E08038B1ADDFF750003B226 /* SocketEngineClient.swift in Sources */,
				7E0803591ADDBDB10003B226 /* AppDelegate.swift in Sources */,
			);
			runOnlyForDeploymentPostprocessing = 0;
		};
		7E0803641ADDBDB50003B226 /* Sources */ = {
			isa = PBXSourcesBuildPhase;
			buildActionMask = 2147483647;
			files = (
				7E08036F1ADDBDB50003B226 /* accelerometerTestTests.swift in Sources */,
			);
			runOnlyForDeploymentPostprocessing = 0;
		};
/* End PBXSourcesBuildPhase section */

/* Begin PBXTargetDependency section */
		7E08036A1ADDBDB50003B226 /* PBXTargetDependency */ = {
			isa = PBXTargetDependency;
			target = 7E0803521ADDBDB10003B226 /* accelerometerTest */;
			targetProxy = 7E0803691ADDBDB50003B226 /* PBXContainerItemProxy */;
		};
/* End PBXTargetDependency section */

/* Begin PBXVariantGroup section */
		7E08035C1ADDBDB10003B226 /* Main.storyboard */ = {
			isa = PBXVariantGroup;
			children = (
				7E08035D1ADDBDB10003B226 /* Base */,
			);
			name = Main.storyboard;
			sourceTree = "<group>";
		};
		7E0803611ADDBDB10003B226 /* LaunchScreen.xib */ = {
			isa = PBXVariantGroup;
			children = (
				7E0803621ADDBDB10003B226 /* Base */,
			);
			name = LaunchScreen.xib;
			sourceTree = "<group>";
		};
/* End PBXVariantGroup section */

/* Begin XCBuildConfiguration section */
		7E0803701ADDBDB50003B226 /* Debug */ = {
			isa = XCBuildConfiguration;
			buildSettings = {
				ALWAYS_SEARCH_USER_PATHS = NO;
				CLANG_CXX_LANGUAGE_STANDARD = "gnu++0x";
				CLANG_CXX_LIBRARY = "libc++";
				CLANG_ENABLE_MODULES = YES;
				CLANG_ENABLE_OBJC_ARC = YES;
				CLANG_WARN_BOOL_CONVERSION = YES;
				CLANG_WARN_CONSTANT_CONVERSION = YES;
				CLANG_WARN_DIRECT_OBJC_ISA_USAGE = YES_ERROR;
				CLANG_WARN_EMPTY_BODY = YES;
				CLANG_WARN_ENUM_CONVERSION = YES;
				CLANG_WARN_INT_CONVERSION = YES;
				CLANG_WARN_OBJC_ROOT_CLASS = YES_ERROR;
				CLANG_WARN_UNREACHABLE_CODE = YES;
				CLANG_WARN__DUPLICATE_METHOD_MATCH = YES;
				CODE_SIGN_ENTITLEMENTS = Entitlements.plist;
				CODE_SIGN_IDENTITY = "-";
				"CODE_SIGN_IDENTITY[sdk=iphoneos*]" = "-";
				COPY_PHASE_STRIP = NO;
				ENABLE_STRICT_OBJC_MSGSEND = YES;
				GCC_C_LANGUAGE_STANDARD = gnu99;
				GCC_DYNAMIC_NO_PIC = NO;
				GCC_OPTIMIZATION_LEVEL = 0;
				GCC_PREPROCESSOR_DEFINITIONS = (
					"DEBUG=1",
					"$(inherited)",
				);
				GCC_SYMBOLS_PRIVATE_EXTERN = NO;
				GCC_WARN_64_TO_32_BIT_CONVERSION = YES;
				GCC_WARN_ABOUT_RETURN_TYPE = YES_ERROR;
				GCC_WARN_UNDECLARED_SELECTOR = YES;
				GCC_WARN_UNINITIALIZED_AUTOS = YES_AGGRESSIVE;
				GCC_WARN_UNUSED_FUNCTION = YES;
				GCC_WARN_UNUSED_VARIABLE = YES;
				IPHONEOS_DEPLOYMENT_TARGET = 8.0;
				MTL_ENABLE_DEBUG_INFO = YES;
				ONLY_ACTIVE_ARCH = YES;
				SDKROOT = iphoneos;
				SWIFT_OPTIMIZATION_LEVEL = "-Onone";
			};
			name = Debug;
		};
		7E0803711ADDBDB50003B226 /* Release */ = {
			isa = XCBuildConfiguration;
			buildSettings = {
				ALWAYS_SEARCH_USER_PATHS = NO;
				CLANG_CXX_LANGUAGE_STANDARD = "gnu++0x";
				CLANG_CXX_LIBRARY = "libc++";
				CLANG_ENABLE_MODULES = YES;
				CLANG_ENABLE_OBJC_ARC = YES;
				CLANG_WARN_BOOL_CONVERSION = YES;
				CLANG_WARN_CONSTANT_CONVERSION = YES;
				CLANG_WARN_DIRECT_OBJC_ISA_USAGE = YES_ERROR;
				CLANG_WARN_EMPTY_BODY = YES;
				CLANG_WARN_ENUM_CONVERSION = YES;
				CLANG_WARN_INT_CONVERSION = YES;
				CLANG_WARN_OBJC_ROOT_CLASS = YES_ERROR;
				CLANG_WARN_UNREACHABLE_CODE = YES;
				CLANG_WARN__DUPLICATE_METHOD_MATCH = YES;
				CODE_SIGN_ENTITLEMENTS = Entitlements.plist;
				CODE_SIGN_IDENTITY = "-";
				"CODE_SIGN_IDENTITY[sdk=iphoneos*]" = "-";
				COPY_PHASE_STRIP = NO;
				ENABLE_NS_ASSERTIONS = NO;
				ENABLE_STRICT_OBJC_MSGSEND = YES;
				GCC_C_LANGUAGE_STANDARD = gnu99;
				GCC_WARN_64_TO_32_BIT_CONVERSION = YES;
				GCC_WARN_ABOUT_RETURN_TYPE = YES_ERROR;
				GCC_WARN_UNDECLARED_SELECTOR = YES;
				GCC_WARN_UNINITIALIZED_AUTOS = YES_AGGRESSIVE;
				GCC_WARN_UNUSED_FUNCTION = YES;
				GCC_WARN_UNUSED_VARIABLE = YES;
				IPHONEOS_DEPLOYMENT_TARGET = 8.0;
				MTL_ENABLE_DEBUG_INFO = NO;
				SDKROOT = iphoneos;
				VALIDATE_PRODUCT = YES;
			};
			name = Release;
		};
		7E0803731ADDBDB50003B226 /* Debug */ = {
			isa = XCBuildConfiguration;
			buildSettings = {
				ASSETCATALOG_COMPILER_APPICON_NAME = AppIcon;
				INFOPLIST_FILE = accelerometerTest/Info.plist;
				LD_RUNPATH_SEARCH_PATHS = "$(inherited) @executable_path/Frameworks";
				PRODUCT_NAME = "$(TARGET_NAME)";
			};
			name = Debug;
		};
		7E0803741ADDBDB50003B226 /* Release */ = {
			isa = XCBuildConfiguration;
			buildSettings = {
				ASSETCATALOG_COMPILER_APPICON_NAME = AppIcon;
				INFOPLIST_FILE = accelerometerTest/Info.plist;
				LD_RUNPATH_SEARCH_PATHS = "$(inherited) @executable_path/Frameworks";
				PRODUCT_NAME = "$(TARGET_NAME)";
			};
			name = Release;
		};
		7E0803761ADDBDB50003B226 /* Debug */ = {
			isa = XCBuildConfiguration;
			buildSettings = {
				BUNDLE_LOADER = "$(TEST_HOST)";
				FRAMEWORK_SEARCH_PATHS = (
					"$(SDKROOT)/Developer/Library/Frameworks",
					"$(inherited)",
				);
				GCC_PREPROCESSOR_DEFINITIONS = (
					"DEBUG=1",
					"$(inherited)",
				);
				INFOPLIST_FILE = accelerometerTestTests/Info.plist;
				LD_RUNPATH_SEARCH_PATHS = "$(inherited) @executable_path/Frameworks @loader_path/Frameworks";
				PRODUCT_NAME = "$(TARGET_NAME)";
				TEST_HOST = "$(BUILT_PRODUCTS_DIR)/accelerometerTest.app/accelerometerTest";
			};
			name = Debug;
		};
		7E0803771ADDBDB50003B226 /* Release */ = {
			isa = XCBuildConfiguration;
			buildSettings = {
				BUNDLE_LOADER = "$(TEST_HOST)";
				FRAMEWORK_SEARCH_PATHS = (
					"$(SDKROOT)/Developer/Library/Frameworks",
					"$(inherited)",
				);
				INFOPLIST_FILE = accelerometerTestTests/Info.plist;
				LD_RUNPATH_SEARCH_PATHS = "$(inherited) @executable_path/Frameworks @loader_path/Frameworks";
				PRODUCT_NAME = "$(TARGET_NAME)";
				TEST_HOST = "$(BUILT_PRODUCTS_DIR)/accelerometerTest.app/accelerometerTest";
			};
			name = Release;
		};
/* End XCBuildConfiguration section */

/* Begin XCConfigurationList section */
		7E08034E1ADDBDB10003B226 /* Build configuration list for PBXProject "accelerometerTest" */ = {
			isa = XCConfigurationList;
			buildConfigurations = (
				7E0803701ADDBDB50003B226 /* Debug */,
				7E0803711ADDBDB50003B226 /* Release */,
			);
			defaultConfigurationIsVisible = 0;
			defaultConfigurationName = Release;
		};
		7E0803721ADDBDB50003B226 /* Build configuration list for PBXNativeTarget "accelerometerTest" */ = {
			isa = XCConfigurationList;
			buildConfigurations = (
				7E0803731ADDBDB50003B226 /* Debug */,
				7E0803741ADDBDB50003B226 /* Release */,
			);
			defaultConfigurationIsVisible = 0;
		};
		7E0803751ADDBDB50003B226 /* Build configuration list for PBXNativeTarget "accelerometerTestTests" */ = {
			isa = XCConfigurationList;
			buildConfigurations = (
				7E0803761ADDBDB50003B226 /* Debug */,
				7E0803771ADDBDB50003B226 /* Release */,
			);
			defaultConfigurationIsVisible = 0;
		};
/* End XCConfigurationList section */
	};
	rootObject = 7E08034B1ADDBDB10003B226 /* Project object */;
}
